// !$*UTF8*$!
{
	archiveVersion = 1;
	classes = {
	};
	objectVersion = 51;
	objects = {

/* Begin PBXBuildFile section */
		3C1B8BDB5F5FEA80A903311F /* Pods_Pozitify.framework in Frameworks */ = {isa = PBXBuildFile; fileRef = FB9362E263F2490262B7FA7B /* Pods_Pozitify.framework */; };
		B91A187526B8107400D9526B /* ForgotPasswordViewController.swift in Sources */ = {isa = PBXBuildFile; fileRef = B91A187426B8107400D9526B /* ForgotPasswordViewController.swift */; };
		B91A187726B817A800D9526B /* ImagePicker+Ext.swift in Sources */ = {isa = PBXBuildFile; fileRef = B91A187626B817A800D9526B /* ImagePicker+Ext.swift */; };
		B91A187926B818BE00D9526B /* TaskList.swift in Sources */ = {isa = PBXBuildFile; fileRef = B91A187826B818BE00D9526B /* TaskList.swift */; };
		B93E87502666886600B6B1CC /* Auth.storyboard in Resources */ = {isa = PBXBuildFile; fileRef = B93E874F2666886600B6B1CC /* Auth.storyboard */; };
		B99B3D4826B945D000FBC5D9 /* WalkthroughViewController.swift in Sources */ = {isa = PBXBuildFile; fileRef = B99B3D4726B945D000FBC5D9 /* WalkthroughViewController.swift */; };
		B99B3D4C26B9462F00FBC5D9 /* CustomPageViewController.swift in Sources */ = {isa = PBXBuildFile; fileRef = B99B3D4B26B9462F00FBC5D9 /* CustomPageViewController.swift */; };
		B99B3D4E26B9466800FBC5D9 /* DemoPageViewController.swift in Sources */ = {isa = PBXBuildFile; fileRef = B99B3D4D26B9466800FBC5D9 /* DemoPageViewController.swift */; };
		B99B3D5026B9619100FBC5D9 /* Walkthrough.storyboard in Resources */ = {isa = PBXBuildFile; fileRef = B99B3D4F26B9619100FBC5D9 /* Walkthrough.storyboard */; };
		B99B3D5226B9656A00FBC5D9 /* TermsViewController.swift in Sources */ = {isa = PBXBuildFile; fileRef = B99B3D5126B9656A00FBC5D9 /* TermsViewController.swift */; };
		B99B3D5426B965E200FBC5D9 /* Constant.swift in Sources */ = {isa = PBXBuildFile; fileRef = B99B3D5326B965E200FBC5D9 /* Constant.swift */; };
		B9A8DB4A266907DC00BE72DA /* ExtensionsVC.swift in Sources */ = {isa = PBXBuildFile; fileRef = B9A8DB49266907DC00BE72DA /* ExtensionsVC.swift */; };
		EA3D6E2A26B7F90D007B1307 /* WebService.swift in Sources */ = {isa = PBXBuildFile; fileRef = EA3D6E2926B7F90D007B1307 /* WebService.swift */; };
		EA3D6E2D26B7FE95007B1307 /* UserInfo.swift in Sources */ = {isa = PBXBuildFile; fileRef = EA3D6E2C26B7FE95007B1307 /* UserInfo.swift */; };
		EA8724992668E73900D3722F /* LoginViewController.swift in Sources */ = {isa = PBXBuildFile; fileRef = EA8724982668E73900D3722F /* LoginViewController.swift */; };
		EA87249B2668E79300D3722F /* SignUpViewController.swift in Sources */ = {isa = PBXBuildFile; fileRef = EA87249A2668E79300D3722F /* SignUpViewController.swift */; };
		EAC4053326664D6600BA0D81 /* AppDelegate.swift in Sources */ = {isa = PBXBuildFile; fileRef = EAC4053226664D6600BA0D81 /* AppDelegate.swift */; };
		EAC4053526664D6600BA0D81 /* SceneDelegate.swift in Sources */ = {isa = PBXBuildFile; fileRef = EAC4053426664D6600BA0D81 /* SceneDelegate.swift */; };
		EAC4053726664D6600BA0D81 /* ViewController.swift in Sources */ = {isa = PBXBuildFile; fileRef = EAC4053626664D6600BA0D81 /* ViewController.swift */; };
		EAC4053A26664D6600BA0D81 /* Main.storyboard in Resources */ = {isa = PBXBuildFile; fileRef = EAC4053826664D6600BA0D81 /* Main.storyboard */; };
		EAC4053C26664D6800BA0D81 /* Assets.xcassets in Resources */ = {isa = PBXBuildFile; fileRef = EAC4053B26664D6800BA0D81 /* Assets.xcassets */; };
		EAC4053F26664D6800BA0D81 /* LaunchScreen.storyboard in Resources */ = {isa = PBXBuildFile; fileRef = EAC4053D26664D6800BA0D81 /* LaunchScreen.storyboard */; };
		EAC4054926664E9C00BA0D81 /* TasksViewController.swift in Sources */ = {isa = PBXBuildFile; fileRef = EAC4054826664E9C00BA0D81 /* TasksViewController.swift */; };
		EAC4054B26664EAE00BA0D81 /* IdeasViewController.swift in Sources */ = {isa = PBXBuildFile; fileRef = EAC4054A26664EAE00BA0D81 /* IdeasViewController.swift */; };
		EAC4054D26664EBB00BA0D81 /* ProfileViewController.swift in Sources */ = {isa = PBXBuildFile; fileRef = EAC4054C26664EBB00BA0D81 /* ProfileViewController.swift */; };
		EAC405502666512200BA0D81 /* TaskTableViewCell.swift in Sources */ = {isa = PBXBuildFile; fileRef = EAC4054E2666512200BA0D81 /* TaskTableViewCell.swift */; };
		EAC405512666512200BA0D81 /* TaskTableViewCell.xib in Resources */ = {isa = PBXBuildFile; fileRef = EAC4054F2666512200BA0D81 /* TaskTableViewCell.xib */; };
		EAC40553266671C700BA0D81 /* GoogleService-Info.plist in Resources */ = {isa = PBXBuildFile; fileRef = EAC40552266671C700BA0D81 /* GoogleService-Info.plist */; };
/* End PBXBuildFile section */

/* Begin PBXFileReference section */
		7DD33EFF794E0B73267D190A /* Pods-Pozitify.debug.xcconfig */ = {isa = PBXFileReference; includeInIndex = 1; lastKnownFileType = text.xcconfig; name = "Pods-Pozitify.debug.xcconfig"; path = "Target Support Files/Pods-Pozitify/Pods-Pozitify.debug.xcconfig"; sourceTree = "<group>"; };
		8195D060D770DBA667DDB69A /* Pods-Pozitify.release.xcconfig */ = {isa = PBXFileReference; includeInIndex = 1; lastKnownFileType = text.xcconfig; name = "Pods-Pozitify.release.xcconfig"; path = "Target Support Files/Pods-Pozitify/Pods-Pozitify.release.xcconfig"; sourceTree = "<group>"; };
		B91A187426B8107400D9526B /* ForgotPasswordViewController.swift */ = {isa = PBXFileReference; lastKnownFileType = sourcecode.swift; path = ForgotPasswordViewController.swift; sourceTree = "<group>"; };
		B91A187626B817A800D9526B /* ImagePicker+Ext.swift */ = {isa = PBXFileReference; lastKnownFileType = sourcecode.swift; path = "ImagePicker+Ext.swift"; sourceTree = "<group>"; };
		B91A187826B818BE00D9526B /* TaskList.swift */ = {isa = PBXFileReference; lastKnownFileType = sourcecode.swift; path = TaskList.swift; sourceTree = "<group>"; };
		B93E874F2666886600B6B1CC /* Auth.storyboard */ = {isa = PBXFileReference; lastKnownFileType = file.storyboard; path = Auth.storyboard; sourceTree = "<group>"; };
		B99B3D4726B945D000FBC5D9 /* WalkthroughViewController.swift */ = {isa = PBXFileReference; lastKnownFileType = sourcecode.swift; path = WalkthroughViewController.swift; sourceTree = "<group>"; };
		B99B3D4B26B9462F00FBC5D9 /* CustomPageViewController.swift */ = {isa = PBXFileReference; lastKnownFileType = sourcecode.swift; path = CustomPageViewController.swift; sourceTree = "<group>"; };
		B99B3D4D26B9466800FBC5D9 /* DemoPageViewController.swift */ = {isa = PBXFileReference; lastKnownFileType = sourcecode.swift; path = DemoPageViewController.swift; sourceTree = "<group>"; };
		B99B3D4F26B9619100FBC5D9 /* Walkthrough.storyboard */ = {isa = PBXFileReference; lastKnownFileType = file.storyboard; path = Walkthrough.storyboard; sourceTree = "<group>"; };
		B99B3D5126B9656A00FBC5D9 /* TermsViewController.swift */ = {isa = PBXFileReference; lastKnownFileType = sourcecode.swift; path = TermsViewController.swift; sourceTree = "<group>"; };
		B99B3D5326B965E200FBC5D9 /* Constant.swift */ = {isa = PBXFileReference; lastKnownFileType = sourcecode.swift; path = Constant.swift; sourceTree = "<group>"; };
		B9A8DB49266907DC00BE72DA /* ExtensionsVC.swift */ = {isa = PBXFileReference; lastKnownFileType = sourcecode.swift; path = ExtensionsVC.swift; sourceTree = "<group>"; };
		EA3D6E2926B7F90D007B1307 /* WebService.swift */ = {isa = PBXFileReference; lastKnownFileType = sourcecode.swift; path = WebService.swift; sourceTree = "<group>"; };
		EA3D6E2C26B7FE95007B1307 /* UserInfo.swift */ = {isa = PBXFileReference; lastKnownFileType = sourcecode.swift; path = UserInfo.swift; sourceTree = "<group>"; };
		EA8724982668E73900D3722F /* LoginViewController.swift */ = {isa = PBXFileReference; lastKnownFileType = sourcecode.swift; path = LoginViewController.swift; sourceTree = "<group>"; };
		EA87249A2668E79300D3722F /* SignUpViewController.swift */ = {isa = PBXFileReference; lastKnownFileType = sourcecode.swift; path = SignUpViewController.swift; sourceTree = "<group>"; };
		EAC4052F26664D6600BA0D81 /* Pozitify.app */ = {isa = PBXFileReference; explicitFileType = wrapper.application; includeInIndex = 0; path = Pozitify.app; sourceTree = BUILT_PRODUCTS_DIR; };
		EAC4053226664D6600BA0D81 /* AppDelegate.swift */ = {isa = PBXFileReference; lastKnownFileType = sourcecode.swift; path = AppDelegate.swift; sourceTree = "<group>"; };
		EAC4053426664D6600BA0D81 /* SceneDelegate.swift */ = {isa = PBXFileReference; lastKnownFileType = sourcecode.swift; path = SceneDelegate.swift; sourceTree = "<group>"; };
		EAC4053626664D6600BA0D81 /* ViewController.swift */ = {isa = PBXFileReference; lastKnownFileType = sourcecode.swift; path = ViewController.swift; sourceTree = "<group>"; };
		EAC4053926664D6600BA0D81 /* Base */ = {isa = PBXFileReference; lastKnownFileType = file.storyboard; name = Base; path = Base.lproj/Main.storyboard; sourceTree = "<group>"; };
		EAC4053B26664D6800BA0D81 /* Assets.xcassets */ = {isa = PBXFileReference; lastKnownFileType = folder.assetcatalog; path = Assets.xcassets; sourceTree = "<group>"; };
		EAC4053E26664D6800BA0D81 /* Base */ = {isa = PBXFileReference; lastKnownFileType = file.storyboard; name = Base; path = Base.lproj/LaunchScreen.storyboard; sourceTree = "<group>"; };
		EAC4054026664D6800BA0D81 /* Info.plist */ = {isa = PBXFileReference; lastKnownFileType = text.plist.xml; path = Info.plist; sourceTree = "<group>"; };
		EAC4054826664E9C00BA0D81 /* TasksViewController.swift */ = {isa = PBXFileReference; lastKnownFileType = sourcecode.swift; path = TasksViewController.swift; sourceTree = "<group>"; };
		EAC4054A26664EAE00BA0D81 /* IdeasViewController.swift */ = {isa = PBXFileReference; lastKnownFileType = sourcecode.swift; path = IdeasViewController.swift; sourceTree = "<group>"; };
		EAC4054C26664EBB00BA0D81 /* ProfileViewController.swift */ = {isa = PBXFileReference; lastKnownFileType = sourcecode.swift; path = ProfileViewController.swift; sourceTree = "<group>"; };
		EAC4054E2666512200BA0D81 /* TaskTableViewCell.swift */ = {isa = PBXFileReference; lastKnownFileType = sourcecode.swift; path = TaskTableViewCell.swift; sourceTree = "<group>"; };
		EAC4054F2666512200BA0D81 /* TaskTableViewCell.xib */ = {isa = PBXFileReference; lastKnownFileType = file.xib; path = TaskTableViewCell.xib; sourceTree = "<group>"; };
		EAC40552266671C700BA0D81 /* GoogleService-Info.plist */ = {isa = PBXFileReference; fileEncoding = 4; lastKnownFileType = text.plist.xml; path = "GoogleService-Info.plist"; sourceTree = "<group>"; };
		FB9362E263F2490262B7FA7B /* Pods_Pozitify.framework */ = {isa = PBXFileReference; explicitFileType = wrapper.framework; includeInIndex = 0; path = Pods_Pozitify.framework; sourceTree = BUILT_PRODUCTS_DIR; };
/* End PBXFileReference section */

/* Begin PBXFrameworksBuildPhase section */
		EAC4052C26664D6600BA0D81 /* Frameworks */ = {
			isa = PBXFrameworksBuildPhase;
			buildActionMask = 2147483647;
			files = (
				3C1B8BDB5F5FEA80A903311F /* Pods_Pozitify.framework in Frameworks */,
			);
			runOnlyForDeploymentPostprocessing = 0;
		};
/* End PBXFrameworksBuildPhase section */

/* Begin PBXGroup section */
		6A1CC0F70D4B0A8F1BAE9446 /* Frameworks */ = {
			isa = PBXGroup;
			children = (
				FB9362E263F2490262B7FA7B /* Pods_Pozitify.framework */,
			);
			name = Frameworks;
			sourceTree = "<group>";
		};
		B93E874E2666884700B6B1CC /* StoryBoards */ = {
			isa = PBXGroup;
			children = (
				B99B3D4F26B9619100FBC5D9 /* Walkthrough.storyboard */,
				B93E874F2666886600B6B1CC /* Auth.storyboard */,
				EAC4053826664D6600BA0D81 /* Main.storyboard */,
			);
			path = StoryBoards;
			sourceTree = "<group>";
		};
		B9A8DB48266907C500BE72DA /* Utils */ = {
			isa = PBXGroup;
			children = (
				B9A8DB49266907DC00BE72DA /* ExtensionsVC.swift */,
				B91A187626B817A800D9526B /* ImagePicker+Ext.swift */,
				B91A187826B818BE00D9526B /* TaskList.swift */,
				B99B3D5326B965E200FBC5D9 /* Constant.swift */,
			);
			path = Utils;
			sourceTree = "<group>";
		};
		D58403855BD7F3027C583CC1 /* Pods */ = {
			isa = PBXGroup;
			children = (
				7DD33EFF794E0B73267D190A /* Pods-Pozitify.debug.xcconfig */,
				8195D060D770DBA667DDB69A /* Pods-Pozitify.release.xcconfig */,
			);
			path = Pods;
			sourceTree = "<group>";
		};
		EA3D6E2826B7F8F7007B1307 /* Service */ = {
			isa = PBXGroup;
			children = (
				EA3D6E2926B7F90D007B1307 /* WebService.swift */,
			);
			path = Service;
			sourceTree = "<group>";
		};
		EA3D6E2B26B7FE4C007B1307 /* Model */ = {
			isa = PBXGroup;
			children = (
				EA3D6E2C26B7FE95007B1307 /* UserInfo.swift */,
			);
			path = Model;
			sourceTree = "<group>";
		};
		EAC4052626664D6600BA0D81 = {
			isa = PBXGroup;
			children = (
				EAC4053126664D6600BA0D81 /* Pozitify */,
				EAC4053026664D6600BA0D81 /* Products */,
				D58403855BD7F3027C583CC1 /* Pods */,
				6A1CC0F70D4B0A8F1BAE9446 /* Frameworks */,
			);
			sourceTree = "<group>";
		};
		EAC4053026664D6600BA0D81 /* Products */ = {
			isa = PBXGroup;
			children = (
				EAC4052F26664D6600BA0D81 /* Pozitify.app */,
			);
			name = Products;
			sourceTree = "<group>";
		};
		EAC4053126664D6600BA0D81 /* Pozitify */ = {
			isa = PBXGroup;
			children = (
				EA3D6E2B26B7FE4C007B1307 /* Model */,
				EA3D6E2826B7F8F7007B1307 /* Service */,
				B9A8DB48266907C500BE72DA /* Utils */,
				B93E874E2666884700B6B1CC /* StoryBoards */,
				EAC4054726664E8200BA0D81 /* Controllers */,
				EAC4054626664E7B00BA0D81 /* Cells */,
				EAC4053226664D6600BA0D81 /* AppDelegate.swift */,
				EAC4053426664D6600BA0D81 /* SceneDelegate.swift */,
				EAC4053626664D6600BA0D81 /* ViewController.swift */,
				EAC4053B26664D6800BA0D81 /* Assets.xcassets */,
				EAC4053D26664D6800BA0D81 /* LaunchScreen.storyboard */,
				EAC40552266671C700BA0D81 /* GoogleService-Info.plist */,
				EAC4054026664D6800BA0D81 /* Info.plist */,
			);
			path = Pozitify;
			sourceTree = "<group>";
		};
		EAC4054626664E7B00BA0D81 /* Cells */ = {
			isa = PBXGroup;
			children = (
				EAC4054E2666512200BA0D81 /* TaskTableViewCell.swift */,
				EAC4054F2666512200BA0D81 /* TaskTableViewCell.xib */,
			);
			path = Cells;
			sourceTree = "<group>";
		};
		EAC4054726664E8200BA0D81 /* Controllers */ = {
			isa = PBXGroup;
			children = (
				EA8724982668E73900D3722F /* LoginViewController.swift */,
				EA87249A2668E79300D3722F /* SignUpViewController.swift */,
				EAC4054826664E9C00BA0D81 /* TasksViewController.swift */,
				EAC4054A26664EAE00BA0D81 /* IdeasViewController.swift */,
				EAC4054C26664EBB00BA0D81 /* ProfileViewController.swift */,
				B91A187426B8107400D9526B /* ForgotPasswordViewController.swift */,
				B99B3D4726B945D000FBC5D9 /* WalkthroughViewController.swift */,
				B99B3D4B26B9462F00FBC5D9 /* CustomPageViewController.swift */,
				B99B3D4D26B9466800FBC5D9 /* DemoPageViewController.swift */,
				B99B3D5126B9656A00FBC5D9 /* TermsViewController.swift */,
			);
			path = Controllers;
			sourceTree = "<group>";
		};
/* End PBXGroup section */

/* Begin PBXNativeTarget section */
		EAC4052E26664D6600BA0D81 /* Pozitify */ = {
			isa = PBXNativeTarget;
			buildConfigurationList = EAC4054326664D6800BA0D81 /* Build configuration list for PBXNativeTarget "Pozitify" */;
			buildPhases = (
				A41295C9745D5272A55F6B39 /* [CP] Check Pods Manifest.lock */,
				EAC4052B26664D6600BA0D81 /* Sources */,
				EAC4052C26664D6600BA0D81 /* Frameworks */,
				EAC4052D26664D6600BA0D81 /* Resources */,
				36D83E69B39FEF039A245116 /* [CP] Embed Pods Frameworks */,
			);
			buildRules = (
			);
			dependencies = (
			);
			name = Pozitify;
			productName = Pozitify;
			productReference = EAC4052F26664D6600BA0D81 /* Pozitify.app */;
			productType = "com.apple.product-type.application";
		};
/* End PBXNativeTarget section */

/* Begin PBXProject section */
		EAC4052726664D6600BA0D81 /* Project object */ = {
			isa = PBXProject;
			attributes = {
				LastSwiftUpdateCheck = 1250;
				LastUpgradeCheck = 1250;
				TargetAttributes = {
					EAC4052E26664D6600BA0D81 = {
						CreatedOnToolsVersion = 12.5;
					};
				};
			};
			buildConfigurationList = EAC4052A26664D6600BA0D81 /* Build configuration list for PBXProject "Pozitify" */;
			compatibilityVersion = "Xcode 9.3";
			developmentRegion = en;
			hasScannedForEncodings = 0;
			knownRegions = (
				en,
				Base,
			);
			mainGroup = EAC4052626664D6600BA0D81;
			productRefGroup = EAC4053026664D6600BA0D81 /* Products */;
			projectDirPath = "";
			projectRoot = "";
			targets = (
				EAC4052E26664D6600BA0D81 /* Pozitify */,
			);
		};
/* End PBXProject section */

/* Begin PBXResourcesBuildPhase section */
		EAC4052D26664D6600BA0D81 /* Resources */ = {
			isa = PBXResourcesBuildPhase;
			buildActionMask = 2147483647;
			files = (
				B93E87502666886600B6B1CC /* Auth.storyboard in Resources */,
				EAC405512666512200BA0D81 /* TaskTableViewCell.xib in Resources */,
				B99B3D5026B9619100FBC5D9 /* Walkthrough.storyboard in Resources */,
				EAC4053F26664D6800BA0D81 /* LaunchScreen.storyboard in Resources */,
				EAC40553266671C700BA0D81 /* GoogleService-Info.plist in Resources */,
				EAC4053C26664D6800BA0D81 /* Assets.xcassets in Resources */,
				EAC4053A26664D6600BA0D81 /* Main.storyboard in Resources */,
			);
			runOnlyForDeploymentPostprocessing = 0;
		};
/* End PBXResourcesBuildPhase section */

/* Begin PBXShellScriptBuildPhase section */
		36D83E69B39FEF039A245116 /* [CP] Embed Pods Frameworks */ = {
			isa = PBXShellScriptBuildPhase;
			buildActionMask = 2147483647;
			files = (
			);
			inputFileListPaths = (
				"${PODS_ROOT}/Target Support Files/Pods-Pozitify/Pods-Pozitify-frameworks-${CONFIGURATION}-input-files.xcfilelist",
			);
			name = "[CP] Embed Pods Frameworks";
			outputFileListPaths = (
				"${PODS_ROOT}/Target Support Files/Pods-Pozitify/Pods-Pozitify-frameworks-${CONFIGURATION}-output-files.xcfilelist",
			);
			runOnlyForDeploymentPostprocessing = 0;
			shellPath = /bin/sh;
			shellScript = "\"${PODS_ROOT}/Target Support Files/Pods-Pozitify/Pods-Pozitify-frameworks.sh\"\n";
			showEnvVarsInLog = 0;
		};
		A41295C9745D5272A55F6B39 /* [CP] Check Pods Manifest.lock */ = {
			isa = PBXShellScriptBuildPhase;
			buildActionMask = 2147483647;
			files = (
			);
			inputFileListPaths = (
			);
			inputPaths = (
				"${PODS_PODFILE_DIR_PATH}/Podfile.lock",
				"${PODS_ROOT}/Manifest.lock",
			);
			name = "[CP] Check Pods Manifest.lock";
			outputFileListPaths = (
			);
			outputPaths = (
				"$(DERIVED_FILE_DIR)/Pods-Pozitify-checkManifestLockResult.txt",
			);
			runOnlyForDeploymentPostprocessing = 0;
			shellPath = /bin/sh;
			shellScript = "diff \"${PODS_PODFILE_DIR_PATH}/Podfile.lock\" \"${PODS_ROOT}/Manifest.lock\" > /dev/null\nif [ $? != 0 ] ; then\n    # print error to STDERR\n    echo \"error: The sandbox is not in sync with the Podfile.lock. Run 'pod install' or update your CocoaPods installation.\" >&2\n    exit 1\nfi\n# This output is used by Xcode 'outputs' to avoid re-running this script phase.\necho \"SUCCESS\" > \"${SCRIPT_OUTPUT_FILE_0}\"\n";
			showEnvVarsInLog = 0;
		};
/* End PBXShellScriptBuildPhase section */

/* Begin PBXSourcesBuildPhase section */
		EAC4052B26664D6600BA0D81 /* Sources */ = {
			isa = PBXSourcesBuildPhase;
			buildActionMask = 2147483647;
			files = (
				EAC405502666512200BA0D81 /* TaskTableViewCell.swift in Sources */,
				EAC4054D26664EBB00BA0D81 /* ProfileViewController.swift in Sources */,
				EAC4053726664D6600BA0D81 /* ViewController.swift in Sources */,
				B91A187726B817A800D9526B /* ImagePicker+Ext.swift in Sources */,
				EAC4054926664E9C00BA0D81 /* TasksViewController.swift in Sources */,
				B9A8DB4A266907DC00BE72DA /* ExtensionsVC.swift in Sources */,
				B91A187926B818BE00D9526B /* TaskList.swift in Sources */,
				B99B3D4C26B9462F00FBC5D9 /* CustomPageViewController.swift in Sources */,
				EA3D6E2A26B7F90D007B1307 /* WebService.swift in Sources */,
				EA8724992668E73900D3722F /* LoginViewController.swift in Sources */,
				B99B3D5226B9656A00FBC5D9 /* TermsViewController.swift in Sources */,
				B99B3D4826B945D000FBC5D9 /* WalkthroughViewController.swift in Sources */,
				EA3D6E2D26B7FE95007B1307 /* UserInfo.swift in Sources */,
				EAC4053326664D6600BA0D81 /* AppDelegate.swift in Sources */,
				B91A187526B8107400D9526B /* ForgotPasswordViewController.swift in Sources */,
				B99B3D5426B965E200FBC5D9 /* Constant.swift in Sources */,
				EA87249B2668E79300D3722F /* SignUpViewController.swift in Sources */,
				EAC4054B26664EAE00BA0D81 /* IdeasViewController.swift in Sources */,
				B99B3D4E26B9466800FBC5D9 /* DemoPageViewController.swift in Sources */,
				EAC4053526664D6600BA0D81 /* SceneDelegate.swift in Sources */,
			);
			runOnlyForDeploymentPostprocessing = 0;
		};
/* End PBXSourcesBuildPhase section */

/* Begin PBXVariantGroup section */
		EAC4053826664D6600BA0D81 /* Main.storyboard */ = {
			isa = PBXVariantGroup;
			children = (
				EAC4053926664D6600BA0D81 /* Base */,
			);
			name = Main.storyboard;
			sourceTree = "<group>";
		};
		EAC4053D26664D6800BA0D81 /* LaunchScreen.storyboard */ = {
			isa = PBXVariantGroup;
			children = (
				EAC4053E26664D6800BA0D81 /* Base */,
			);
			name = LaunchScreen.storyboard;
			sourceTree = "<group>";
		};
/* End PBXVariantGroup section */

/* Begin XCBuildConfiguration section */
		EAC4054126664D6800BA0D81 /* Debug */ = {
			isa = XCBuildConfiguration;
			buildSettings = {
				ALWAYS_SEARCH_USER_PATHS = NO;
				CLANG_ANALYZER_NONNULL = YES;
				CLANG_ANALYZER_NUMBER_OBJECT_CONVERSION = YES_AGGRESSIVE;
				CLANG_CXX_LANGUAGE_STANDARD = "gnu++14";
				CLANG_CXX_LIBRARY = "libc++";
				CLANG_ENABLE_MODULES = YES;
				CLANG_ENABLE_OBJC_ARC = YES;
				CLANG_ENABLE_OBJC_WEAK = YES;
				CLANG_WARN_BLOCK_CAPTURE_AUTORELEASING = YES;
				CLANG_WARN_BOOL_CONVERSION = YES;
				CLANG_WARN_COMMA = YES;
				CLANG_WARN_CONSTANT_CONVERSION = YES;
				CLANG_WARN_DEPRECATED_OBJC_IMPLEMENTATIONS = YES;
				CLANG_WARN_DIRECT_OBJC_ISA_USAGE = YES_ERROR;
				CLANG_WARN_DOCUMENTATION_COMMENTS = YES;
				CLANG_WARN_EMPTY_BODY = YES;
				CLANG_WARN_ENUM_CONVERSION = YES;
				CLANG_WARN_INFINITE_RECURSION = YES;
				CLANG_WARN_INT_CONVERSION = YES;
				CLANG_WARN_NON_LITERAL_NULL_CONVERSION = YES;
				CLANG_WARN_OBJC_IMPLICIT_RETAIN_SELF = YES;
				CLANG_WARN_OBJC_LITERAL_CONVERSION = YES;
				CLANG_WARN_OBJC_ROOT_CLASS = YES_ERROR;
				CLANG_WARN_QUOTED_INCLUDE_IN_FRAMEWORK_HEADER = YES;
				CLANG_WARN_RANGE_LOOP_ANALYSIS = YES;
				CLANG_WARN_STRICT_PROTOTYPES = YES;
				CLANG_WARN_SUSPICIOUS_MOVE = YES;
				CLANG_WARN_UNGUARDED_AVAILABILITY = YES_AGGRESSIVE;
				CLANG_WARN_UNREACHABLE_CODE = YES;
				CLANG_WARN__DUPLICATE_METHOD_MATCH = YES;
				COPY_PHASE_STRIP = NO;
				DEBUG_INFORMATION_FORMAT = dwarf;
				ENABLE_STRICT_OBJC_MSGSEND = YES;
				ENABLE_TESTABILITY = YES;
				GCC_C_LANGUAGE_STANDARD = gnu11;
				GCC_DYNAMIC_NO_PIC = NO;
				GCC_NO_COMMON_BLOCKS = YES;
				GCC_OPTIMIZATION_LEVEL = 0;
				GCC_PREPROCESSOR_DEFINITIONS = (
					"DEBUG=1",
					"$(inherited)",
				);
				GCC_WARN_64_TO_32_BIT_CONVERSION = YES;
				GCC_WARN_ABOUT_RETURN_TYPE = YES_ERROR;
				GCC_WARN_UNDECLARED_SELECTOR = YES;
				GCC_WARN_UNINITIALIZED_AUTOS = YES_AGGRESSIVE;
				GCC_WARN_UNUSED_FUNCTION = YES;
				GCC_WARN_UNUSED_VARIABLE = YES;
				IPHONEOS_DEPLOYMENT_TARGET = 14.5;
				MTL_ENABLE_DEBUG_INFO = INCLUDE_SOURCE;
				MTL_FAST_MATH = YES;
				ONLY_ACTIVE_ARCH = YES;
				SDKROOT = iphoneos;
				SWIFT_ACTIVE_COMPILATION_CONDITIONS = DEBUG;
				SWIFT_OPTIMIZATION_LEVEL = "-Onone";
			};
			name = Debug;
		};
		EAC4054226664D6800BA0D81 /* Release */ = {
			isa = XCBuildConfiguration;
			buildSettings = {
				ALWAYS_SEARCH_USER_PATHS = NO;
				CLANG_ANALYZER_NONNULL = YES;
				CLANG_ANALYZER_NUMBER_OBJECT_CONVERSION = YES_AGGRESSIVE;
				CLANG_CXX_LANGUAGE_STANDARD = "gnu++14";
				CLANG_CXX_LIBRARY = "libc++";
				CLANG_ENABLE_MODULES = YES;
				CLANG_ENABLE_OBJC_ARC = YES;
				CLANG_ENABLE_OBJC_WEAK = YES;
				CLANG_WARN_BLOCK_CAPTURE_AUTORELEASING = YES;
				CLANG_WARN_BOOL_CONVERSION = YES;
				CLANG_WARN_COMMA = YES;
				CLANG_WARN_CONSTANT_CONVERSION = YES;
				CLANG_WARN_DEPRECATED_OBJC_IMPLEMENTATIONS = YES;
				CLANG_WARN_DIRECT_OBJC_ISA_USAGE = YES_ERROR;
				CLANG_WARN_DOCUMENTATION_COMMENTS = YES;
				CLANG_WARN_EMPTY_BODY = YES;
				CLANG_WARN_ENUM_CONVERSION = YES;
				CLANG_WARN_INFINITE_RECURSION = YES;
				CLANG_WARN_INT_CONVERSION = YES;
				CLANG_WARN_NON_LITERAL_NULL_CONVERSION = YES;
				CLANG_WARN_OBJC_IMPLICIT_RETAIN_SELF = YES;
				CLANG_WARN_OBJC_LITERAL_CONVERSION = YES;
				CLANG_WARN_OBJC_ROOT_CLASS = YES_ERROR;
				CLANG_WARN_QUOTED_INCLUDE_IN_FRAMEWORK_HEADER = YES;
				CLANG_WARN_RANGE_LOOP_ANALYSIS = YES;
				CLANG_WARN_STRICT_PROTOTYPES = YES;
				CLANG_WARN_SUSPICIOUS_MOVE = YES;
				CLANG_WARN_UNGUARDED_AVAILABILITY = YES_AGGRESSIVE;
				CLANG_WARN_UNREACHABLE_CODE = YES;
				CLANG_WARN__DUPLICATE_METHOD_MATCH = YES;
				COPY_PHASE_STRIP = NO;
				DEBUG_INFORMATION_FORMAT = "dwarf-with-dsym";
				ENABLE_NS_ASSERTIONS = NO;
				ENABLE_STRICT_OBJC_MSGSEND = YES;
				GCC_C_LANGUAGE_STANDARD = gnu11;
				GCC_NO_COMMON_BLOCKS = YES;
				GCC_WARN_64_TO_32_BIT_CONVERSION = YES;
				GCC_WARN_ABOUT_RETURN_TYPE = YES_ERROR;
				GCC_WARN_UNDECLARED_SELECTOR = YES;
				GCC_WARN_UNINITIALIZED_AUTOS = YES_AGGRESSIVE;
				GCC_WARN_UNUSED_FUNCTION = YES;
				GCC_WARN_UNUSED_VARIABLE = YES;
				IPHONEOS_DEPLOYMENT_TARGET = 14.5;
				MTL_ENABLE_DEBUG_INFO = NO;
				MTL_FAST_MATH = YES;
				SDKROOT = iphoneos;
				SWIFT_COMPILATION_MODE = wholemodule;
				SWIFT_OPTIMIZATION_LEVEL = "-O";
				VALIDATE_PRODUCT = YES;
			};
			name = Release;
		};
		EAC4054426664D6800BA0D81 /* Debug */ = {
			isa = XCBuildConfiguration;
			baseConfigurationReference = 7DD33EFF794E0B73267D190A /* Pods-Pozitify.debug.xcconfig */;
			buildSettings = {
				ASSETCATALOG_COMPILER_APPICON_NAME = AppIcon;
				ASSETCATALOG_COMPILER_GLOBAL_ACCENT_COLOR_NAME = AccentColor;
				CODE_SIGN_STYLE = Automatic;
				DEVELOPMENT_TEAM = 8WMHQ3J6DZ;
				INFOPLIST_FILE = Pozitify/Info.plist;
				LD_RUNPATH_SEARCH_PATHS = (
					"$(inherited)",
					"@executable_path/Frameworks",
				);
				PRODUCT_BUNDLE_IDENTIFIER = ekremozkaraca.Pozitify;
				PRODUCT_NAME = "$(TARGET_NAME)";
				SWIFT_VERSION = 5.0;
				TARGETED_DEVICE_FAMILY = "1,2";
			};
			name = Debug;
		};
		EAC4054526664D6800BA0D81 /* Release */ = {
			isa = XCBuildConfiguration;
			baseConfigurationReference = 8195D060D770DBA667DDB69A /* Pods-Pozitify.release.xcconfig */;
			buildSettings = {
				ASSETCATALOG_COMPILER_APPICON_NAME = AppIcon;
				ASSETCATALOG_COMPILER_GLOBAL_ACCENT_COLOR_NAME = AccentColor;
				CODE_SIGN_STYLE = Automatic;
				DEVELOPMENT_TEAM = 8WMHQ3J6DZ;
				INFOPLIST_FILE = Pozitify/Info.plist;
				LD_RUNPATH_SEARCH_PATHS = (
					"$(inherited)",
					"@executable_path/Frameworks",
				);
				PRODUCT_BUNDLE_IDENTIFIER = ekremozkaraca.Pozitify;
				PRODUCT_NAME = "$(TARGET_NAME)";
				SWIFT_VERSION = 5.0;
				TARGETED_DEVICE_FAMILY = "1,2";
			};
			name = Release;
		};
/* End XCBuildConfiguration section */

/* Begin XCConfigurationList section */
		EAC4052A26664D6600BA0D81 /* Build configuration list for PBXProject "Pozitify" */ = {
			isa = XCConfigurationList;
			buildConfigurations = (
				EAC4054126664D6800BA0D81 /* Debug */,
				EAC4054226664D6800BA0D81 /* Release */,
			);
			defaultConfigurationIsVisible = 0;
			defaultConfigurationName = Release;
		};
		EAC4054326664D6800BA0D81 /* Build configuration list for PBXNativeTarget "Pozitify" */ = {
			isa = XCConfigurationList;
			buildConfigurations = (
				EAC4054426664D6800BA0D81 /* Debug */,
				EAC4054526664D6800BA0D81 /* Release */,
			);
			defaultConfigurationIsVisible = 0;
			defaultConfigurationName = Release;
		};
/* End XCConfigurationList section */
	};
	rootObject = EAC4052726664D6600BA0D81 /* Project object */;
}
